
Microsoft Visual Studio Solution File, Format Version 12.00
# Visual Studio Version 16
VisualStudioVersion = 16.0.32802.440
MinimumVisualStudioVersion = 10.0.40219.1
Project("{9A19103F-16F7-4668-BE54-9A1E7A4F7556}") = "CTUshshop", "CTUshshop\CTUshshop.csproj", "{9F2E79C3-45A4-4A4C-B914-EF997DAA156E}"
EndProject
Global
	GlobalSection(SolutionConfigurationPlatforms) = preSolution
		Debug|Any CPU = Debug|Any CPU
		Release|Any CPU = Release|Any CPU
	EndGlobalSection
	GlobalSection(ProjectConfigurationPlatforms) = postSolution
		{9F2E79C3-45A4-4A4C-B914-EF997DAA156E}.Debug|Any CPU.ActiveCfg = Debug|Any CPU
		{9F2E79C3-45A4-4A4C-B914-EF997DAA156E}.Debug|Any CPU.Build.0 = Debug|Any CPU
		{9F2E79C3-45A4-4A4C-B914-EF997DAA156E}.Release|Any CPU.ActiveCfg = Release|Any CPU
		{9F2E79C3-45A4-4A4C-B914-EF997DAA156E}.Release|Any CPU.Build.0 = Release|Any CPU
	EndGlobalSection
	GlobalSection(SolutionProperties) = preSolution
		HideSolutionNode = FALSE
	EndGlobalSection
	GlobalSection(ExtensibilityGlobals) = postSolution
		SolutionGuid = {7EAD88DF-15BD-4984-B503-D844764015B1}
	EndGlobalSection
EndGlobal
